// !$*UTF8*$!
{
	archiveVersion = 1;
	classes = {
	};
	objectVersion = 46;
	objects = {

/* Begin PBXBuildFile section */
		2D9FFF6D1B9DBC4500A44755 /* Screen Shot 2015-09-07 at 14.33.28.png in Resources */ = {isa = PBXBuildFile; fileRef = 2D9FFF6C1B9DBC4500A44755 /* Screen Shot 2015-09-07 at 14.33.28.png */; };
		2DA8BE501B8F1EB100C73951 /* AppDelegate.swift in Sources */ = {isa = PBXBuildFile; fileRef = 2DA8BE4F1B8F1EB100C73951 /* AppDelegate.swift */; };
		2DA8BE521B8F1EB100C73951 /* ViewController.swift in Sources */ = {isa = PBXBuildFile; fileRef = 2DA8BE511B8F1EB100C73951 /* ViewController.swift */; };
		2DA8BE551B8F1EB100C73951 /* Main.storyboard in Resources */ = {isa = PBXBuildFile; fileRef = 2DA8BE531B8F1EB100C73951 /* Main.storyboard */; };
		2DA8BE571B8F1EB100C73951 /* Images.xcassets in Resources */ = {isa = PBXBuildFile; fileRef = 2DA8BE561B8F1EB100C73951 /* Images.xcassets */; };
		2DA8BE5A1B8F1EB100C73951 /* LaunchScreen.xib in Resources */ = {isa = PBXBuildFile; fileRef = 2DA8BE581B8F1EB100C73951 /* LaunchScreen.xib */; };
		2DA8BE661B8F1EB100C73951 /* SurfcastTests.swift in Sources */ = {isa = PBXBuildFile; fileRef = 2DA8BE651B8F1EB100C73951 /* SurfcastTests.swift */; };
		2DF04F9C1B970DB300719029 /* ddc6607f.jpeg in Resources */ = {isa = PBXBuildFile; fileRef = 2DF04F9B1B970DB300719029 /* ddc6607f.jpeg */; };
/* End PBXBuildFile section */

/* Begin PBXContainerItemProxy section */
		2DA8BE601B8F1EB100C73951 /* PBXContainerItemProxy */ = {
			isa = PBXContainerItemProxy;
			containerPortal = 2DA8BE421B8F1EB100C73951 /* Project object */;
			proxyType = 1;
			remoteGlobalIDString = 2DA8BE491B8F1EB100C73951;
			remoteInfo = Surfcast;
		};
/* End PBXContainerItemProxy section */

/* Begin PBXFileReference section */
		2D9FFF6C1B9DBC4500A44755 /* Screen Shot 2015-09-07 at 14.33.28.png */ = {isa = PBXFileReference; lastKnownFileType = image.png; path = "Screen Shot 2015-09-07 at 14.33.28.png"; sourceTree = "<group>"; };
		2DA8BE4A1B8F1EB100C73951 /* Surfcast.app */ = {isa = PBXFileReference; explicitFileType = wrapper.application; includeInIndex = 0; path = Surfcast.app; sourceTree = BUILT_PRODUCTS_DIR; };
		2DA8BE4E1B8F1EB100C73951 /* Info.plist */ = {isa = PBXFileReference; lastKnownFileType = text.plist.xml; path = Info.plist; sourceTree = "<group>"; };
		2DA8BE4F1B8F1EB100C73951 /* AppDelegate.swift */ = {isa = PBXFileReference; lastKnownFileType = sourcecode.swift; path = AppDelegate.swift; sourceTree = "<group>"; };
		2DA8BE511B8F1EB100C73951 /* ViewController.swift */ = {isa = PBXFileReference; lastKnownFileType = sourcecode.swift; path = ViewController.swift; sourceTree = "<group>"; };
		2DA8BE541B8F1EB100C73951 /* Base */ = {isa = PBXFileReference; lastKnownFileType = file.storyboard; name = Base; path = Base.lproj/Main.storyboard; sourceTree = "<group>"; };
		2DA8BE561B8F1EB100C73951 /* Images.xcassets */ = {isa = PBXFileReference; lastKnownFileType = folder.assetcatalog; path = Images.xcassets; sourceTree = "<group>"; };
		2DA8BE591B8F1EB100C73951 /* Base */ = {isa = PBXFileReference; lastKnownFileType = file.xib; name = Base; path = Base.lproj/LaunchScreen.xib; sourceTree = "<group>"; };
		2DA8BE5F1B8F1EB100C73951 /* SurfcastTests.xctest */ = {isa = PBXFileReference; explicitFileType = wrapper.cfbundle; includeInIndex = 0; path = SurfcastTests.xctest; sourceTree = BUILT_PRODUCTS_DIR; };
		2DA8BE641B8F1EB100C73951 /* Info.plist */ = {isa = PBXFileReference; lastKnownFileType = text.plist.xml; path = Info.plist; sourceTree = "<group>"; };
		2DA8BE651B8F1EB100C73951 /* SurfcastTests.swift */ = {isa = PBXFileReference; lastKnownFileType = sourcecode.swift; path = SurfcastTests.swift; sourceTree = "<group>"; };
		2DF04F9B1B970DB300719029 /* ddc6607f.jpeg */ = {isa = PBXFileReference; lastKnownFileType = image.jpeg; path = ddc6607f.jpeg; sourceTree = "<group>"; };
/* End PBXFileReference section */

/* Begin PBXFrameworksBuildPhase section */
		2DA8BE471B8F1EB100C73951 /* Frameworks */ = {
			isa = PBXFrameworksBuildPhase;
			buildActionMask = 2147483647;
			files = (
			);
			runOnlyForDeploymentPostprocessing = 0;
		};
		2DA8BE5C1B8F1EB100C73951 /* Frameworks */ = {
			isa = PBXFrameworksBuildPhase;
			buildActionMask = 2147483647;
			files = (
			);
			runOnlyForDeploymentPostprocessing = 0;
		};
/* End PBXFrameworksBuildPhase section */

/* Begin PBXGroup section */
		2DA8BE411B8F1EB100C73951 = {
			isa = PBXGroup;
			children = (
				2DA8BE4C1B8F1EB100C73951 /* Surfcast */,
				2DA8BE621B8F1EB100C73951 /* SurfcastTests */,
				2DA8BE4B1B8F1EB100C73951 /* Products */,
			);
			sourceTree = "<group>";
		};
		2DA8BE4B1B8F1EB100C73951 /* Products */ = {
			isa = PBXGroup;
			children = (
				2DA8BE4A1B8F1EB100C73951 /* Surfcast.app */,
				2DA8BE5F1B8F1EB100C73951 /* SurfcastTests.xctest */,
			);
			name = Products;
			sourceTree = "<group>";
		};
		2DA8BE4C1B8F1EB100C73951 /* Surfcast */ = {
			isa = PBXGroup;
			children = (
				2DA8BE4F1B8F1EB100C73951 /* AppDelegate.swift */,
				2DA8BE511B8F1EB100C73951 /* ViewController.swift */,
				2DA8BE531B8F1EB100C73951 /* Main.storyboard */,
				2DF04F9B1B970DB300719029 /* ddc6607f.jpeg */,
				2D9FFF6C1B9DBC4500A44755 /* Screen Shot 2015-09-07 at 14.33.28.png */,
				2DA8BE561B8F1EB100C73951 /* Images.xcassets */,
				2DA8BE581B8F1EB100C73951 /* LaunchScreen.xib */,
				2DA8BE4D1B8F1EB100C73951 /* Supporting Files */,
			);
			path = Surfcast;
			sourceTree = "<group>";
		};
		2DA8BE4D1B8F1EB100C73951 /* Supporting Files */ = {
			isa = PBXGroup;
			children = (
				2DA8BE4E1B8F1EB100C73951 /* Info.plist */,
			);
			name = "Supporting Files";
			sourceTree = "<group>";
		};
		2DA8BE621B8F1EB100C73951 /* SurfcastTests */ = {
			isa = PBXGroup;
			children = (
				2DA8BE651B8F1EB100C73951 /* SurfcastTests.swift */,
				2DA8BE631B8F1EB100C73951 /* Supporting Files */,
			);
			path = SurfcastTests;
			sourceTree = "<group>";
		};
		2DA8BE631B8F1EB100C73951 /* Supporting Files */ = {
			isa = PBXGroup;
			children = (
				2DA8BE641B8F1EB100C73951 /* Info.plist */,
			);
			name = "Supporting Files";
			sourceTree = "<group>";
		};
/* End PBXGroup section */

/* Begin PBXNativeTarget section */
		2DA8BE491B8F1EB100C73951 /* Surfcast */ = {
			isa = PBXNativeTarget;
			buildConfigurationList = 2DA8BE691B8F1EB100C73951 /* Build configuration list for PBXNativeTarget "Surfcast" */;
			buildPhases = (
				2DA8BE461B8F1EB100C73951 /* Sources */,
				2DA8BE471B8F1EB100C73951 /* Frameworks */,
				2DA8BE481B8F1EB100C73951 /* Resources */,
			);
			buildRules = (
			);
			dependencies = (
			);
			name = Surfcast;
			productName = Surfcast;
			productReference = 2DA8BE4A1B8F1EB100C73951 /* Surfcast.app */;
			productType = "com.apple.product-type.application";
		};
		2DA8BE5E1B8F1EB100C73951 /* SurfcastTests */ = {
			isa = PBXNativeTarget;
			buildConfigurationList = 2DA8BE6C1B8F1EB100C73951 /* Build configuration list for PBXNativeTarget "SurfcastTests" */;
			buildPhases = (
				2DA8BE5B1B8F1EB100C73951 /* Sources */,
				2DA8BE5C1B8F1EB100C73951 /* Frameworks */,
				2DA8BE5D1B8F1EB100C73951 /* Resources */,
			);
			buildRules = (
			);
			dependencies = (
				2DA8BE611B8F1EB100C73951 /* PBXTargetDependency */,
			);
			name = SurfcastTests;
			productName = SurfcastTests;
			productReference = 2DA8BE5F1B8F1EB100C73951 /* SurfcastTests.xctest */;
			productType = "com.apple.product-type.bundle.unit-test";
		};
/* End PBXNativeTarget section */

/* Begin PBXProject section */
		2DA8BE421B8F1EB100C73951 /* Project object */ = {
			isa = PBXProject;
			attributes = {
				LastUpgradeCheck = 0640;
				ORGANIZATIONNAME = "Andreas Vestergaard";
				TargetAttributes = {
					2DA8BE491B8F1EB100C73951 = {
						CreatedOnToolsVersion = 6.4;
					};
					2DA8BE5E1B8F1EB100C73951 = {
						CreatedOnToolsVersion = 6.4;
						TestTargetID = 2DA8BE491B8F1EB100C73951;
					};
				};
			};
			buildConfigurationList = 2DA8BE451B8F1EB100C73951 /* Build configuration list for PBXProject "Surfcast" */;
			compatibilityVersion = "Xcode 3.2";
			developmentRegion = English;
			hasScannedForEncodings = 0;
			knownRegions = (
				en,
				Base,
			);
			mainGroup = 2DA8BE411B8F1EB100C73951;
			productRefGroup = 2DA8BE4B1B8F1EB100C73951 /* Products */;
			projectDirPath = "";
			projectRoot = "";
			targets = (
				2DA8BE491B8F1EB100C73951 /* Surfcast */,
				2DA8BE5E1B8F1EB100C73951 /* SurfcastTests */,
			);
		};
/* End PBXProject section */

/* Begin PBXResourcesBuildPhase section */
		2DA8BE481B8F1EB100C73951 /* Resources */ = {
			isa = PBXResourcesBuildPhase;
			buildActionMask = 2147483647;
			files = (
				2DF04F9C1B970DB300719029 /* ddc6607f.jpeg in Resources */,
				2DA8BE551B8F1EB100C73951 /* Main.storyboard in Resources */,
				2DA8BE5A1B8F1EB100C73951 /* LaunchScreen.xib in Resources */,
				2DA8BE571B8F1EB100C73951 /* Images.xcassets in Resources */,
				2D9FFF6D1B9DBC4500A44755 /* Screen Shot 2015-09-07 at 14.33.28.png in Resources */,
			);
			runOnlyForDeploymentPostprocessing = 0;
		};
		2DA8BE5D1B8F1EB100C73951 /* Resources */ = {
			isa = PBXResourcesBuildPhase;
			buildActionMask = 2147483647;
			files = (
			);
			runOnlyForDeploymentPostprocessing = 0;
		};
/* End PBXResourcesBuildPhase section */

/* Begin PBXSourcesBuildPhase section */
		2DA8BE461B8F1EB100C73951 /* Sources */ = {
			isa = PBXSourcesBuildPhase;
			buildActionMask = 2147483647;
			files = (
				2DA8BE521B8F1EB100C73951 /* ViewController.swift in Sources */,
				2DA8BE501B8F1EB100C73951 /* AppDelegate.swift in Sources */,
			);
			runOnlyForDeploymentPostprocessing = 0;
		};
		2DA8BE5B1B8F1EB100C73951 /* Sources */ = {
			isa = PBXSourcesBuildPhase;
			buildActionMask = 2147483647;
			files = (
				2DA8BE661B8F1EB100C73951 /* SurfcastTests.swift in Sources */,
			);
			runOnlyForDeploymentPostprocessing = 0;
		};
/* End PBXSourcesBuildPhase section */

/* Begin PBXTargetDependency section */
		2DA8BE611B8F1EB100C73951 /* PBXTargetDependency */ = {
			isa = PBXTargetDependency;
			target = 2DA8BE491B8F1EB100C73951 /* Surfcast */;
			targetProxy = 2DA8BE601B8F1EB100C73951 /* PBXContainerItemProxy */;
		};
/* End PBXTargetDependency section */

/* Begin PBXVariantGroup section */
		2DA8BE531B8F1EB100C73951 /* Main.storyboard */ = {
			isa = PBXVariantGroup;
			children = (
				2DA8BE541B8F1EB100C73951 /* Base */,
			);
			name = Main.storyboard;
			sourceTree = "<group>";
		};
		2DA8BE581B8F1EB100C73951 /* LaunchScreen.xib */ = {
			isa = PBXVariantGroup;
			children = (
				2DA8BE591B8F1EB100C73951 /* Base */,
			);
			name = LaunchScreen.xib;
			sourceTree = "<group>";
		};
/* End PBXVariantGroup section */

/* Begin XCBuildConfiguration section */
		2DA8BE671B8F1EB100C73951 /* Debug */ = {
			isa = XCBuildConfiguration;
			buildSettings = {
				ALWAYS_SEARCH_USER_PATHS = NO;
				CLANG_CXX_LANGUAGE_STANDARD = "gnu++0x";
				CLANG_CXX_LIBRARY = "libc++";
				CLANG_ENABLE_MODULES = YES;
				CLANG_ENABLE_OBJC_ARC = YES;
				CLANG_WARN_BOOL_CONVERSION = YES;
				CLANG_WARN_CONSTANT_CONVERSION = YES;
				CLANG_WARN_DIRECT_OBJC_ISA_USAGE = YES_ERROR;
				CLANG_WARN_EMPTY_BODY = YES;
				CLANG_WARN_ENUM_CONVERSION = YES;
				CLANG_WARN_INT_CONVERSION = YES;
				CLANG_WARN_OBJC_ROOT_CLASS = YES_ERROR;
				CLANG_WARN_UNREACHABLE_CODE = YES;
				CLANG_WARN__DUPLICATE_METHOD_MATCH = YES;
				"CODE_SIGN_IDENTITY[sdk=iphoneos*]" = "iPhone Developer";
				COPY_PHASE_STRIP = NO;
				DEBUG_INFORMATION_FORMAT = "dwarf-with-dsym";
				ENABLE_STRICT_OBJC_MSGSEND = YES;
				GCC_C_LANGUAGE_STANDARD = gnu99;
				GCC_DYNAMIC_NO_PIC = NO;
				GCC_NO_COMMON_BLOCKS = YES;
				GCC_OPTIMIZATION_LEVEL = 0;
				GCC_PREPROCESSOR_DEFINITIONS = (
					"DEBUG=1",
					"$(inherited)",
				);
				GCC_SYMBOLS_PRIVATE_EXTERN = NO;
				GCC_WARN_64_TO_32_BIT_CONVERSION = YES;
				GCC_WARN_ABOUT_RETURN_TYPE = YES_ERROR;
				GCC_WARN_UNDECLARED_SELECTOR = YES;
				GCC_WARN_UNINITIALIZED_AUTOS = YES_AGGRESSIVE;
				GCC_WARN_UNUSED_FUNCTION = YES;
				GCC_WARN_UNUSED_VARIABLE = YES;
				IPHONEOS_DEPLOYMENT_TARGET = 8.4;
				MTL_ENABLE_DEBUG_INFO = YES;
				ONLY_ACTIVE_ARCH = YES;
				SDKROOT = iphoneos;
				SWIFT_OPTIMIZATION_LEVEL = "-Onone";
			};
			name = Debug;
		};
		2DA8BE681B8F1EB100C73951 /* Release */ = {
			isa = XCBuildConfiguration;
			buildSettings = {
				ALWAYS_SEARCH_USER_PATHS = NO;
				CLANG_CXX_LANGUAGE_STANDARD = "gnu++0x";
				CLANG_CXX_LIBRARY = "libc++";
				CLANG_ENABLE_MODULES = YES;
				CLANG_ENABLE_OBJC_ARC = YES;
				CLANG_WARN_BOOL_CONVERSION = YES;
				CLANG_WARN_CONSTANT_CONVERSION = YES;
				CLANG_WARN_DIRECT_OBJC_ISA_USAGE = YES_ERROR;
				CLANG_WARN_EMPTY_BODY = YES;
				CLANG_WARN_ENUM_CONVERSION = YES;
				CLANG_WARN_INT_CONVERSION = YES;
				CLANG_WARN_OBJC_ROOT_CLASS = YES_ERROR;
				CLANG_WARN_UNREACHABLE_CODE = YES;
				CLANG_WARN__DUPLICATE_METHOD_MATCH = YES;
				"CODE_SIGN_IDENTITY[sdk=iphoneos*]" = "iPhone Developer";
				COPY_PHASE_STRIP = NO;
				DEBUG_INFORMATION_FORMAT = "dwarf-with-dsym";
				ENABLE_NS_ASSERTIONS = NO;
				ENABLE_STRICT_OBJC_MSGSEND = YES;
				GCC_C_LANGUAGE_STANDARD = gnu99;
				GCC_NO_COMMON_BLOCKS = YES;
				GCC_WARN_64_TO_32_BIT_CONVERSION = YES;
				GCC_WARN_ABOUT_RETURN_TYPE = YES_ERROR;
				GCC_WARN_UNDECLARED_SELECTOR = YES;
				GCC_WARN_UNINITIALIZED_AUTOS = YES_AGGRESSIVE;
				GCC_WARN_UNUSED_FUNCTION = YES;
				GCC_WARN_UNUSED_VARIABLE = YES;
				IPHONEOS_DEPLOYMENT_TARGET = 8.4;
				MTL_ENABLE_DEBUG_INFO = NO;
				SDKROOT = iphoneos;
				VALIDATE_PRODUCT = YES;
			};
			name = Release;
		};
		2DA8BE6A1B8F1EB100C73951 /* Debug */ = {
			isa = XCBuildConfiguration;
			buildSettings = {
				ASSETCATALOG_COMPILER_APPICON_NAME = AppIcon;
				INFOPLIST_FILE = Surfcast/Info.plist;
				LD_RUNPATH_SEARCH_PATHS = "$(inherited) @executable_path/Frameworks";
				PRODUCT_NAME = "$(TARGET_NAME)";
			};
			name = Debug;
		};
		2DA8BE6B1B8F1EB100C73951 /* Release */ = {
			isa = XCBuildConfiguration;
			buildSettings = {
				ASSETCATALOG_COMPILER_APPICON_NAME = AppIcon;
				INFOPLIST_FILE = Surfcast/Info.plist;
				LD_RUNPATH_SEARCH_PATHS = "$(inherited) @executable_path/Frameworks";
				PRODUCT_NAME = "$(TARGET_NAME)";
			};
			name = Release;
		};
		2DA8BE6D1B8F1EB100C73951 /* Debug */ = {
			isa = XCBuildConfiguration;
			buildSettings = {
				BUNDLE_LOADER = "$(TEST_HOST)";
				FRAMEWORK_SEARCH_PATHS = (
					"$(SDKROOT)/Developer/Library/Frameworks",
					"$(inherited)",
				);
				GCC_PREPROCESSOR_DEFINITIONS = (
					"DEBUG=1",
					"$(inherited)",
				);
				INFOPLIST_FILE = SurfcastTests/Info.plist;
				LD_RUNPATH_SEARCH_PATHS = "$(inherited) @executable_path/Frameworks @loader_path/Frameworks";
				PRODUCT_NAME = "$(TARGET_NAME)";
				TEST_HOST = "$(BUILT_PRODUCTS_DIR)/Surfcast.app/Surfcast";
			};
			name = Debug;
		};
		2DA8BE6E1B8F1EB100C73951 /* Release */ = {
			isa = XCBuildConfiguration;
			buildSettings = {
				BUNDLE_LOADER = "$(TEST_HOST)";
				FRAMEWORK_SEARCH_PATHS = (
					"$(SDKROOT)/Developer/Library/Frameworks",
					"$(inherited)",
				);
				INFOPLIST_FILE = SurfcastTests/Info.plist;
				LD_RUNPATH_SEARCH_PATHS = "$(inherited) @executable_path/Frameworks @loader_path/Frameworks";
				PRODUCT_NAME = "$(TARGET_NAME)";
				TEST_HOST = "$(BUILT_PRODUCTS_DIR)/Surfcast.app/Surfcast";
			};
			name = Release;
		};
/* End XCBuildConfiguration section */

/* Begin XCConfigurationList section */
		2DA8BE451B8F1EB100C73951 /* Build configuration list for PBXProject "Surfcast" */ = {
			isa = XCConfigurationList;
			buildConfigurations = (
				2DA8BE671B8F1EB100C73951 /* Debug */,
				2DA8BE681B8F1EB100C73951 /* Release */,
			);
			defaultConfigurationIsVisible = 0;
			defaultConfigurationName = Release;
		};
		2DA8BE691B8F1EB100C73951 /* Build configuration list for PBXNativeTarget "Surfcast" */ = {
			isa = XCConfigurationList;
			buildConfigurations = (
				2DA8BE6A1B8F1EB100C73951 /* Debug */,
				2DA8BE6B1B8F1EB100C73951 /* Release */,
			);
			defaultConfigurationIsVisible = 0;
			defaultConfigurationName = Release;
		};
		2DA8BE6C1B8F1EB100C73951 /* Build configuration list for PBXNativeTarget "SurfcastTests" */ = {
			isa = XCConfigurationList;
			buildConfigurations = (
				2DA8BE6D1B8F1EB100C73951 /* Debug */,
				2DA8BE6E1B8F1EB100C73951 /* Release */,
			);
			defaultConfigurationIsVisible = 0;
			defaultConfigurationName = Release;
		};
/* End XCConfigurationList section */
	};
	rootObject = 2DA8BE421B8F1EB100C73951 /* Project object */;
}
